
Microsoft Visual Studio Solution File, Format Version 12.00
# Visual Studio Version 16
VisualStudioVersion = 16.0.30413.136
MinimumVisualStudioVersion = 10.0.40219.1
Project("{FAE04EC0-301F-11D3-BF4B-00C04F79EFBC}") = "lessons", "lessons\lessons.csproj", "{A598CE91-0DC9-411A-9826-2C577541A536}"
EndProject
Global
	GlobalSection(SolutionConfigurationPlatforms) = preSolution
		Debug|Any CPU = Debug|Any CPU
		Release|Any CPU = Release|Any CPU
	EndGlobalSection
	GlobalSection(ProjectConfigurationPlatforms) = postSolution
		{A598CE91-0DC9-411A-9826-2C577541A536}.Debug|Any CPU.ActiveCfg = Debug|Any CPU
		{A598CE91-0DC9-411A-9826-2C577541A536}.Debug|Any CPU.Build.0 = Debug|Any CPU
		{A598CE91-0DC9-411A-9826-2C577541A536}.Release|Any CPU.ActiveCfg = Release|Any CPU
		{A598CE91-0DC9-411A-9826-2C577541A536}.Release|Any CPU.Build.0 = Release|Any CPU
	EndGlobalSection
	GlobalSection(SolutionProperties) = preSolution
		HideSolutionNode = FALSE
	EndGlobalSection
	GlobalSection(ExtensibilityGlobals) = postSolution
		SolutionGuid = {FF115DF1-D231-4C91-A4D1-E6FD86DD2A75}
	EndGlobalSection
EndGlobal
